
Microsoft Visual Studio Solution File, Format Version 12.00
# Visual Studio 2012
Project("{FAE04EC0-301F-11D3-BF4B-00C04F79EFBC}") = "XamarinAppR2", "XamarinAppR2\XamarinAppR2.csproj", "{700A3C17-4F03-4C90-979B-E41E70764FEE}"
EndProject
Project("{FAE04EC0-301F-11D3-BF4B-00C04F79EFBC}") = "XamarinAppR2.iOS", "iOS\XamarinAppR2.iOS.csproj", "{BB4BBB49-22C8-4C53-8B0D-A68EF7BCB443}"
EndProject
Project("{FAE04EC0-301F-11D3-BF4B-00C04F79EFBC}") = "XamarinAppR2.Droid", "Droid\XamarinAppR2.Droid.csproj", "{6DEE7241-DC3C-4D5F-9791-8D68FE9383F5}"
EndProject
Global
	GlobalSection(SolutionConfigurationPlatforms) = preSolution
		Debug|Any CPU = Debug|Any CPU
		Release|Any CPU = Release|Any CPU
		Debug|iPhoneSimulator = Debug|iPhoneSimulator
		Release|iPhone = Release|iPhone
		Release|iPhoneSimulator = Release|iPhoneSimulator
		Debug|iPhone = Debug|iPhone
	EndGlobalSection
	GlobalSection(ProjectConfigurationPlatforms) = postSolution
		{700A3C17-4F03-4C90-979B-E41E70764FEE}.Debug|Any CPU.ActiveCfg = Debug|Any CPU
		{700A3C17-4F03-4C90-979B-E41E70764FEE}.Debug|Any CPU.Build.0 = Debug|Any CPU
		{700A3C17-4F03-4C90-979B-E41E70764FEE}.Release|Any CPU.ActiveCfg = Release|Any CPU
		{700A3C17-4F03-4C90-979B-E41E70764FEE}.Release|Any CPU.Build.0 = Release|Any CPU
		{700A3C17-4F03-4C90-979B-E41E70764FEE}.Debug|iPhoneSimulator.ActiveCfg = Debug|Any CPU
		{700A3C17-4F03-4C90-979B-E41E70764FEE}.Debug|iPhoneSimulator.Build.0 = Debug|Any CPU
		{700A3C17-4F03-4C90-979B-E41E70764FEE}.Release|iPhone.ActiveCfg = Release|Any CPU
		{700A3C17-4F03-4C90-979B-E41E70764FEE}.Release|iPhone.Build.0 = Release|Any CPU
		{700A3C17-4F03-4C90-979B-E41E70764FEE}.Release|iPhoneSimulator.ActiveCfg = Release|Any CPU
		{700A3C17-4F03-4C90-979B-E41E70764FEE}.Release|iPhoneSimulator.Build.0 = Release|Any CPU
		{700A3C17-4F03-4C90-979B-E41E70764FEE}.Debug|iPhone.ActiveCfg = Debug|Any CPU
		{700A3C17-4F03-4C90-979B-E41E70764FEE}.Debug|iPhone.Build.0 = Debug|Any CPU
		{BB4BBB49-22C8-4C53-8B0D-A68EF7BCB443}.Debug|Any CPU.ActiveCfg = Debug|iPhoneSimulator
		{BB4BBB49-22C8-4C53-8B0D-A68EF7BCB443}.Debug|Any CPU.Build.0 = Debug|iPhoneSimulator
		{BB4BBB49-22C8-4C53-8B0D-A68EF7BCB443}.Release|Any CPU.ActiveCfg = Release|iPhone
		{BB4BBB49-22C8-4C53-8B0D-A68EF7BCB443}.Release|Any CPU.Build.0 = Release|iPhone
		{BB4BBB49-22C8-4C53-8B0D-A68EF7BCB443}.Debug|iPhoneSimulator.ActiveCfg = Debug|iPhoneSimulator
		{BB4BBB49-22C8-4C53-8B0D-A68EF7BCB443}.Debug|iPhoneSimulator.Build.0 = Debug|iPhoneSimulator
		{BB4BBB49-22C8-4C53-8B0D-A68EF7BCB443}.Release|iPhone.ActiveCfg = Release|iPhone
		{BB4BBB49-22C8-4C53-8B0D-A68EF7BCB443}.Release|iPhone.Build.0 = Release|iPhone
		{BB4BBB49-22C8-4C53-8B0D-A68EF7BCB443}.Release|iPhoneSimulator.ActiveCfg = Release|iPhoneSimulator
		{BB4BBB49-22C8-4C53-8B0D-A68EF7BCB443}.Release|iPhoneSimulator.Build.0 = Release|iPhoneSimulator
		{BB4BBB49-22C8-4C53-8B0D-A68EF7BCB443}.Debug|iPhone.ActiveCfg = Debug|iPhone
		{BB4BBB49-22C8-4C53-8B0D-A68EF7BCB443}.Debug|iPhone.Build.0 = Debug|iPhone
		{6DEE7241-DC3C-4D5F-9791-8D68FE9383F5}.Debug|Any CPU.ActiveCfg = Debug|Any CPU
		{6DEE7241-DC3C-4D5F-9791-8D68FE9383F5}.Debug|Any CPU.Build.0 = Debug|Any CPU
		{6DEE7241-DC3C-4D5F-9791-8D68FE9383F5}.Release|Any CPU.ActiveCfg = Release|Any CPU
		{6DEE7241-DC3C-4D5F-9791-8D68FE9383F5}.Release|Any CPU.Build.0 = Release|Any CPU
		{6DEE7241-DC3C-4D5F-9791-8D68FE9383F5}.Debug|iPhoneSimulator.ActiveCfg = Debug|Any CPU
		{6DEE7241-DC3C-4D5F-9791-8D68FE9383F5}.Debug|iPhoneSimulator.Build.0 = Debug|Any CPU
		{6DEE7241-DC3C-4D5F-9791-8D68FE9383F5}.Release|iPhone.ActiveCfg = Release|Any CPU
		{6DEE7241-DC3C-4D5F-9791-8D68FE9383F5}.Release|iPhone.Build.0 = Release|Any CPU
		{6DEE7241-DC3C-4D5F-9791-8D68FE9383F5}.Release|iPhoneSimulator.ActiveCfg = Release|Any CPU
		{6DEE7241-DC3C-4D5F-9791-8D68FE9383F5}.Release|iPhoneSimulator.Build.0 = Release|Any CPU
		{6DEE7241-DC3C-4D5F-9791-8D68FE9383F5}.Debug|iPhone.ActiveCfg = Debug|Any CPU
		{6DEE7241-DC3C-4D5F-9791-8D68FE9383F5}.Debug|iPhone.Build.0 = Debug|Any CPU
	EndGlobalSection
EndGlobal
